// !$*UTF8*$!
{
	archiveVersion = 1;
	classes = {
	};
	objectVersion = 48;
	objects = {

/* Begin PBXBuildFile section */
		3B2869AC2006096A00E5BD68 /* Meal.swift in Sources */ = {isa = PBXBuildFile; fileRef = 3B2869AB2006096A00E5BD68 /* Meal.swift */; };
		3B2869AE2006B65700E5BD68 /* MealTableViewCell.swift in Sources */ = {isa = PBXBuildFile; fileRef = 3B2869AD2006B65700E5BD68 /* MealTableViewCell.swift */; };
		3B2869B020078F7A00E5BD68 /* MealTableViewController.swift in Sources */ = {isa = PBXBuildFile; fileRef = 3B2869AF20078F7A00E5BD68 /* MealTableViewController.swift */; };
		3B80EA9E2000583700BF73AF /* AppDelegate.swift in Sources */ = {isa = PBXBuildFile; fileRef = 3B80EA9D2000583700BF73AF /* AppDelegate.swift */; };
		3B80EAA02000583700BF73AF /* MealViewController.swift in Sources */ = {isa = PBXBuildFile; fileRef = 3B80EA9F2000583700BF73AF /* MealViewController.swift */; };
		3B80EAA32000583700BF73AF /* Main.storyboard in Resources */ = {isa = PBXBuildFile; fileRef = 3B80EAA12000583700BF73AF /* Main.storyboard */; };
		3B80EAA52000583700BF73AF /* Assets.xcassets in Resources */ = {isa = PBXBuildFile; fileRef = 3B80EAA42000583700BF73AF /* Assets.xcassets */; };
		3B80EAA82000583700BF73AF /* LaunchScreen.storyboard in Resources */ = {isa = PBXBuildFile; fileRef = 3B80EAA62000583700BF73AF /* LaunchScreen.storyboard */; };
		3B80EAB32000583700BF73AF /* FoodTrackerTests.swift in Sources */ = {isa = PBXBuildFile; fileRef = 3B80EAB22000583700BF73AF /* FoodTrackerTests.swift */; };
		3B80EB06200567F000BF73AF /* RatingControl.swift in Sources */ = {isa = PBXBuildFile; fileRef = 3B80EB05200567F000BF73AF /* RatingControl.swift */; };
/* End PBXBuildFile section */

/* Begin PBXContainerItemProxy section */
		3B80EAAF2000583700BF73AF /* PBXContainerItemProxy */ = {
			isa = PBXContainerItemProxy;
			containerPortal = 3B80EA922000583700BF73AF /* Project object */;
			proxyType = 1;
			remoteGlobalIDString = 3B80EA992000583700BF73AF;
			remoteInfo = FoodTracker;
		};
/* End PBXContainerItemProxy section */

/* Begin PBXFileReference section */
		3B2869AB2006096A00E5BD68 /* Meal.swift */ = {isa = PBXFileReference; lastKnownFileType = sourcecode.swift; path = Meal.swift; sourceTree = "<group>"; };
		3B2869AD2006B65700E5BD68 /* MealTableViewCell.swift */ = {isa = PBXFileReference; lastKnownFileType = sourcecode.swift; path = MealTableViewCell.swift; sourceTree = "<group>"; };
		3B2869AF20078F7A00E5BD68 /* MealTableViewController.swift */ = {isa = PBXFileReference; lastKnownFileType = sourcecode.swift; path = MealTableViewController.swift; sourceTree = "<group>"; };
		3B80EA9A2000583700BF73AF /* FoodTracker.app */ = {isa = PBXFileReference; explicitFileType = wrapper.application; includeInIndex = 0; path = FoodTracker.app; sourceTree = BUILT_PRODUCTS_DIR; };
		3B80EA9D2000583700BF73AF /* AppDelegate.swift */ = {isa = PBXFileReference; lastKnownFileType = sourcecode.swift; path = AppDelegate.swift; sourceTree = "<group>"; };
		3B80EA9F2000583700BF73AF /* MealViewController.swift */ = {isa = PBXFileReference; lastKnownFileType = sourcecode.swift; path = MealViewController.swift; sourceTree = "<group>"; };
		3B80EAA22000583700BF73AF /* Base */ = {isa = PBXFileReference; lastKnownFileType = file.storyboard; name = Base; path = Base.lproj/Main.storyboard; sourceTree = "<group>"; };
		3B80EAA42000583700BF73AF /* Assets.xcassets */ = {isa = PBXFileReference; lastKnownFileType = folder.assetcatalog; path = Assets.xcassets; sourceTree = "<group>"; };
		3B80EAA72000583700BF73AF /* Base */ = {isa = PBXFileReference; lastKnownFileType = file.storyboard; name = Base; path = Base.lproj/LaunchScreen.storyboard; sourceTree = "<group>"; };
		3B80EAA92000583700BF73AF /* Info.plist */ = {isa = PBXFileReference; lastKnownFileType = text.plist.xml; path = Info.plist; sourceTree = "<group>"; };
		3B80EAAE2000583700BF73AF /* FoodTrackerTests.xctest */ = {isa = PBXFileReference; explicitFileType = wrapper.cfbundle; includeInIndex = 0; path = FoodTrackerTests.xctest; sourceTree = BUILT_PRODUCTS_DIR; };
		3B80EAB22000583700BF73AF /* FoodTrackerTests.swift */ = {isa = PBXFileReference; lastKnownFileType = sourcecode.swift; path = FoodTrackerTests.swift; sourceTree = "<group>"; };
		3B80EAB42000583700BF73AF /* Info.plist */ = {isa = PBXFileReference; lastKnownFileType = text.plist.xml; path = Info.plist; sourceTree = "<group>"; };
		3B80EB05200567F000BF73AF /* RatingControl.swift */ = {isa = PBXFileReference; lastKnownFileType = sourcecode.swift; path = RatingControl.swift; sourceTree = "<group>"; };
/* End PBXFileReference section */

/* Begin PBXFrameworksBuildPhase section */
		3B80EA972000583700BF73AF /* Frameworks */ = {
			isa = PBXFrameworksBuildPhase;
			buildActionMask = 2147483647;
			files = (
			);
			runOnlyForDeploymentPostprocessing = 0;
		};
		3B80EAAB2000583700BF73AF /* Frameworks */ = {
			isa = PBXFrameworksBuildPhase;
			buildActionMask = 2147483647;
			files = (
			);
			runOnlyForDeploymentPostprocessing = 0;
		};
/* End PBXFrameworksBuildPhase section */

/* Begin PBXGroup section */
		3B80EA912000583700BF73AF = {
			isa = PBXGroup;
			children = (
				3B80EA9C2000583700BF73AF /* FoodTracker */,
				3B80EAB12000583700BF73AF /* FoodTrackerTests */,
				3B80EA9B2000583700BF73AF /* Products */,
			);
			sourceTree = "<group>";
		};
		3B80EA9B2000583700BF73AF /* Products */ = {
			isa = PBXGroup;
			children = (
				3B80EA9A2000583700BF73AF /* FoodTracker.app */,
				3B80EAAE2000583700BF73AF /* FoodTrackerTests.xctest */,
			);
			name = Products;
			sourceTree = "<group>";
		};
		3B80EA9C2000583700BF73AF /* FoodTracker */ = {
			isa = PBXGroup;
			children = (
				3B80EA9D2000583700BF73AF /* AppDelegate.swift */,
				3B80EA9F2000583700BF73AF /* MealViewController.swift */,
				3B80EB05200567F000BF73AF /* RatingControl.swift */,
				3B2869AD2006B65700E5BD68 /* MealTableViewCell.swift */,
				3B2869AF20078F7A00E5BD68 /* MealTableViewController.swift */,
				3B2869AB2006096A00E5BD68 /* Meal.swift */,
				3B80EAA12000583700BF73AF /* Main.storyboard */,
				3B80EAA42000583700BF73AF /* Assets.xcassets */,
				3B80EAA62000583700BF73AF /* LaunchScreen.storyboard */,
				3B80EAA92000583700BF73AF /* Info.plist */,
			);
			path = FoodTracker;
			sourceTree = "<group>";
		};
		3B80EAB12000583700BF73AF /* FoodTrackerTests */ = {
			isa = PBXGroup;
			children = (
				3B80EAB22000583700BF73AF /* FoodTrackerTests.swift */,
				3B80EAB42000583700BF73AF /* Info.plist */,
			);
			path = FoodTrackerTests;
			sourceTree = "<group>";
		};
/* End PBXGroup section */

/* Begin PBXNativeTarget section */
		3B80EA992000583700BF73AF /* FoodTracker */ = {
			isa = PBXNativeTarget;
			buildConfigurationList = 3B80EAB72000583700BF73AF /* Build configuration list for PBXNativeTarget "FoodTracker" */;
			buildPhases = (
				3B80EA962000583700BF73AF /* Sources */,
				3B80EA972000583700BF73AF /* Frameworks */,
				3B80EA982000583700BF73AF /* Resources */,
			);
			buildRules = (
			);
			dependencies = (
			);
			name = FoodTracker;
			productName = FoodTracker;
			productReference = 3B80EA9A2000583700BF73AF /* FoodTracker.app */;
			productType = "com.apple.product-type.application";
		};
		3B80EAAD2000583700BF73AF /* FoodTrackerTests */ = {
			isa = PBXNativeTarget;
			buildConfigurationList = 3B80EABA2000583700BF73AF /* Build configuration list for PBXNativeTarget "FoodTrackerTests" */;
			buildPhases = (
				3B80EAAA2000583700BF73AF /* Sources */,
				3B80EAAB2000583700BF73AF /* Frameworks */,
				3B80EAAC2000583700BF73AF /* Resources */,
			);
			buildRules = (
			);
			dependencies = (
				3B80EAB02000583700BF73AF /* PBXTargetDependency */,
			);
			name = FoodTrackerTests;
			productName = FoodTrackerTests;
			productReference = 3B80EAAE2000583700BF73AF /* FoodTrackerTests.xctest */;
			productType = "com.apple.product-type.bundle.unit-test";
		};
/* End PBXNativeTarget section */

/* Begin PBXProject section */
		3B80EA922000583700BF73AF /* Project object */ = {
			isa = PBXProject;
			attributes = {
				LastSwiftUpdateCheck = 0910;
				LastUpgradeCheck = 0910;
				ORGANIZATIONNAME = "Elye Proj";
				TargetAttributes = {
					3B80EA992000583700BF73AF = {
						CreatedOnToolsVersion = 9.1;
						ProvisioningStyle = Automatic;
					};
					3B80EAAD2000583700BF73AF = {
						CreatedOnToolsVersion = 9.1;
						ProvisioningStyle = Automatic;
						TestTargetID = 3B80EA992000583700BF73AF;
					};
				};
			};
			buildConfigurationList = 3B80EA952000583700BF73AF /* Build configuration list for PBXProject "FoodTracker" */;
			compatibilityVersion = "Xcode 8.0";
			developmentRegion = en;
			hasScannedForEncodings = 0;
			knownRegions = (
				en,
				Base,
			);
			mainGroup = 3B80EA912000583700BF73AF;
			productRefGroup = 3B80EA9B2000583700BF73AF /* Products */;
			projectDirPath = "";
			projectRoot = "";
			targets = (
				3B80EA992000583700BF73AF /* FoodTracker */,
				3B80EAAD2000583700BF73AF /* FoodTrackerTests */,
			);
		};
/* End PBXProject section */

/* Begin PBXResourcesBuildPhase section */
		3B80EA982000583700BF73AF /* Resources */ = {
			isa = PBXResourcesBuildPhase;
			buildActionMask = 2147483647;
			files = (
				3B80EAA82000583700BF73AF /* LaunchScreen.storyboard in Resources */,
				3B80EAA52000583700BF73AF /* Assets.xcassets in Resources */,
				3B80EAA32000583700BF73AF /* Main.storyboard in Resources */,
			);
			runOnlyForDeploymentPostprocessing = 0;
		};
		3B80EAAC2000583700BF73AF /* Resources */ = {
			isa = PBXResourcesBuildPhase;
			buildActionMask = 2147483647;
			files = (
			);
			runOnlyForDeploymentPostprocessing = 0;
		};
/* End PBXResourcesBuildPhase section */

/* Begin PBXSourcesBuildPhase section */
		3B80EA962000583700BF73AF /* Sources */ = {
			isa = PBXSourcesBuildPhase;
			buildActionMask = 2147483647;
			files = (
				3B2869AC2006096A00E5BD68 /* Meal.swift in Sources */,
				3B80EAA02000583700BF73AF /* MealViewController.swift in Sources */,
				3B80EB06200567F000BF73AF /* RatingControl.swift in Sources */,
				3B80EA9E2000583700BF73AF /* AppDelegate.swift in Sources */,
				3B2869B020078F7A00E5BD68 /* MealTableViewController.swift in Sources */,
				3B2869AE2006B65700E5BD68 /* MealTableViewCell.swift in Sources */,
			);
			runOnlyForDeploymentPostprocessing = 0;
		};
		3B80EAAA2000583700BF73AF /* Sources */ = {
			isa = PBXSourcesBuildPhase;
			buildActionMask = 2147483647;
			files = (
				3B80EAB32000583700BF73AF /* FoodTrackerTests.swift in Sources */,
			);
			runOnlyForDeploymentPostprocessing = 0;
		};
/* End PBXSourcesBuildPhase section */

/* Begin PBXTargetDependency section */
		3B80EAB02000583700BF73AF /* PBXTargetDependency */ = {
			isa = PBXTargetDependency;
			target = 3B80EA992000583700BF73AF /* FoodTracker */;
			targetProxy = 3B80EAAF2000583700BF73AF /* PBXContainerItemProxy */;
		};
/* End PBXTargetDependency section */

/* Begin PBXVariantGroup section */
		3B80EAA12000583700BF73AF /* Main.storyboard */ = {
			isa = PBXVariantGroup;
			children = (
				3B80EAA22000583700BF73AF /* Base */,
			);
			name = Main.storyboard;
			sourceTree = "<group>";
		};
		3B80EAA62000583700BF73AF /* LaunchScreen.storyboard */ = {
			isa = PBXVariantGroup;
			children = (
				3B80EAA72000583700BF73AF /* Base */,
			);
			name = LaunchScreen.storyboard;
			sourceTree = "<group>";
		};
/* End PBXVariantGroup section */

/* Begin XCBuildConfiguration section */
		3B80EAB52000583700BF73AF /* Debug */ = {
			isa = XCBuildConfiguration;
			buildSettings = {
				ALWAYS_SEARCH_USER_PATHS = NO;
				CLANG_ANALYZER_NONNULL = YES;
				CLANG_ANALYZER_NUMBER_OBJECT_CONVERSION = YES_AGGRESSIVE;
				CLANG_CXX_LANGUAGE_STANDARD = "gnu++14";
				CLANG_CXX_LIBRARY = "libc++";
				CLANG_ENABLE_MODULES = YES;
				CLANG_ENABLE_OBJC_ARC = YES;
				CLANG_WARN_BLOCK_CAPTURE_AUTORELEASING = YES;
				CLANG_WARN_BOOL_CONVERSION = YES;
				CLANG_WARN_COMMA = YES;
				CLANG_WARN_CONSTANT_CONVERSION = YES;
				CLANG_WARN_DIRECT_OBJC_ISA_USAGE = YES_ERROR;
				CLANG_WARN_DOCUMENTATION_COMMENTS = YES;
				CLANG_WARN_EMPTY_BODY = YES;
				CLANG_WARN_ENUM_CONVERSION = YES;
				CLANG_WARN_INFINITE_RECURSION = YES;
				CLANG_WARN_INT_CONVERSION = YES;
				CLANG_WARN_NON_LITERAL_NULL_CONVERSION = YES;
				CLANG_WARN_OBJC_LITERAL_CONVERSION = YES;
				CLANG_WARN_OBJC_ROOT_CLASS = YES_ERROR;
				CLANG_WARN_RANGE_LOOP_ANALYSIS = YES;
				CLANG_WARN_STRICT_PROTOTYPES = YES;
				CLANG_WARN_SUSPICIOUS_MOVE = YES;
				CLANG_WARN_UNGUARDED_AVAILABILITY = YES_AGGRESSIVE;
				CLANG_WARN_UNREACHABLE_CODE = YES;
				CLANG_WARN__DUPLICATE_METHOD_MATCH = YES;
				CODE_SIGN_IDENTITY = "iPhone Developer";
				COPY_PHASE_STRIP = NO;
				DEBUG_INFORMATION_FORMAT = dwarf;
				ENABLE_STRICT_OBJC_MSGSEND = YES;
				ENABLE_TESTABILITY = YES;
				GCC_C_LANGUAGE_STANDARD = gnu11;
				GCC_DYNAMIC_NO_PIC = NO;
				GCC_NO_COMMON_BLOCKS = YES;
				GCC_OPTIMIZATION_LEVEL = 0;
				GCC_PREPROCESSOR_DEFINITIONS = (
					"DEBUG=1",
					"$(inherited)",
				);
				GCC_WARN_64_TO_32_BIT_CONVERSION = YES;
				GCC_WARN_ABOUT_RETURN_TYPE = YES_ERROR;
				GCC_WARN_UNDECLARED_SELECTOR = YES;
				GCC_WARN_UNINITIALIZED_AUTOS = YES_AGGRESSIVE;
				GCC_WARN_UNUSED_FUNCTION = YES;
				GCC_WARN_UNUSED_VARIABLE = YES;
				IPHONEOS_DEPLOYMENT_TARGET = 11.1;
				MTL_ENABLE_DEBUG_INFO = YES;
				ONLY_ACTIVE_ARCH = YES;
				SDKROOT = iphoneos;
				SWIFT_ACTIVE_COMPILATION_CONDITIONS = DEBUG;
				SWIFT_OPTIMIZATION_LEVEL = "-Onone";
			};
			name = Debug;
		};
		3B80EAB62000583700BF73AF /* Release */ = {
			isa = XCBuildConfiguration;
			buildSettings = {
				ALWAYS_SEARCH_USER_PATHS = NO;
				CLANG_ANALYZER_NONNULL = YES;
				CLANG_ANALYZER_NUMBER_OBJECT_CONVERSION = YES_AGGRESSIVE;
				CLANG_CXX_LANGUAGE_STANDARD = "gnu++14";
				CLANG_CXX_LIBRARY = "libc++";
				CLANG_ENABLE_MODULES = YES;
				CLANG_ENABLE_OBJC_ARC = YES;
				CLANG_WARN_BLOCK_CAPTURE_AUTORELEASING = YES;
				CLANG_WARN_BOOL_CONVERSION = YES;
				CLANG_WARN_COMMA = YES;
				CLANG_WARN_CONSTANT_CONVERSION = YES;
				CLANG_WARN_DIRECT_OBJC_ISA_USAGE = YES_ERROR;
				CLANG_WARN_DOCUMENTATION_COMMENTS = YES;
				CLANG_WARN_EMPTY_BODY = YES;
				CLANG_WARN_ENUM_CONVERSION = YES;
				CLANG_WARN_INFINITE_RECURSION = YES;
				CLANG_WARN_INT_CONVERSION = YES;
				CLANG_WARN_NON_LITERAL_NULL_CONVERSION = YES;
				CLANG_WARN_OBJC_LITERAL_CONVERSION = YES;
				CLANG_WARN_OBJC_ROOT_CLASS = YES_ERROR;
				CLANG_WARN_RANGE_LOOP_ANALYSIS = YES;
				CLANG_WARN_STRICT_PROTOTYPES = YES;
				CLANG_WARN_SUSPICIOUS_MOVE = YES;
				CLANG_WARN_UNGUARDED_AVAILABILITY = YES_AGGRESSIVE;
				CLANG_WARN_UNREACHABLE_CODE = YES;
				CLANG_WARN__DUPLICATE_METHOD_MATCH = YES;
				CODE_SIGN_IDENTITY = "iPhone Developer";
				COPY_PHASE_STRIP = NO;
				DEBUG_INFORMATION_FORMAT = "dwarf-with-dsym";
				ENABLE_NS_ASSERTIONS = NO;
				ENABLE_STRICT_OBJC_MSGSEND = YES;
				GCC_C_LANGUAGE_STANDARD = gnu11;
				GCC_NO_COMMON_BLOCKS = YES;
				GCC_WARN_64_TO_32_BIT_CONVERSION = YES;
				GCC_WARN_ABOUT_RETURN_TYPE = YES_ERROR;
				GCC_WARN_UNDECLARED_SELECTOR = YES;
				GCC_WARN_UNINITIALIZED_AUTOS = YES_AGGRESSIVE;
				GCC_WARN_UNUSED_FUNCTION = YES;
				GCC_WARN_UNUSED_VARIABLE = YES;
				IPHONEOS_DEPLOYMENT_TARGET = 11.1;
				MTL_ENABLE_DEBUG_INFO = NO;
				SDKROOT = iphoneos;
				SWIFT_OPTIMIZATION_LEVEL = "-Owholemodule";
				VALIDATE_PRODUCT = YES;
			};
			name = Release;
		};
		3B80EAB82000583700BF73AF /* Debug */ = {
			isa = XCBuildConfiguration;
			buildSettings = {
				ASSETCATALOG_COMPILER_APPICON_NAME = AppIcon;
				CODE_SIGN_STYLE = Automatic;
				INFOPLIST_FILE = FoodTracker/Info.plist;
				LD_RUNPATH_SEARCH_PATHS = "$(inherited) @executable_path/Frameworks";
				PRODUCT_BUNDLE_IDENTIFIER = com.example.FoodTracker;
				PRODUCT_NAME = "$(TARGET_NAME)";
				SWIFT_VERSION = 4.0;
				TARGETED_DEVICE_FAMILY = "1,2";
			};
			name = Debug;
		};
		3B80EAB92000583700BF73AF /* Release */ = {
			isa = XCBuildConfiguration;
			buildSettings = {
				ASSETCATALOG_COMPILER_APPICON_NAME = AppIcon;
				CODE_SIGN_STYLE = Automatic;
				INFOPLIST_FILE = FoodTracker/Info.plist;
				LD_RUNPATH_SEARCH_PATHS = "$(inherited) @executable_path/Frameworks";
				PRODUCT_BUNDLE_IDENTIFIER = com.example.FoodTracker;
				PRODUCT_NAME = "$(TARGET_NAME)";
				SWIFT_VERSION = 4.0;
				TARGETED_DEVICE_FAMILY = "1,2";
			};
			name = Release;
		};
		3B80EABB2000583700BF73AF /* Debug */ = {
			isa = XCBuildConfiguration;
			buildSettings = {
				ALWAYS_EMBED_SWIFT_STANDARD_LIBRARIES = YES;
				BUNDLE_LOADER = "$(TEST_HOST)";
				CODE_SIGN_STYLE = Automatic;
				INFOPLIST_FILE = FoodTrackerTests/Info.plist;
				LD_RUNPATH_SEARCH_PATHS = "$(inherited) @executable_path/Frameworks @loader_path/Frameworks";
				PRODUCT_BUNDLE_IDENTIFIER = com.example.FoodTrackerTests;
				PRODUCT_NAME = "$(TARGET_NAME)";
				SWIFT_VERSION = 4.0;
				TARGETED_DEVICE_FAMILY = "1,2";
				TEST_HOST = "$(BUILT_PRODUCTS_DIR)/FoodTracker.app/FoodTracker";
			};
			name = Debug;
		};
		3B80EABC2000583700BF73AF /* Release */ = {
			isa = XCBuildConfiguration;
			buildSettings = {
				ALWAYS_EMBED_SWIFT_STANDARD_LIBRARIES = YES;
				BUNDLE_LOADER = "$(TEST_HOST)";
				CODE_SIGN_STYLE = Automatic;
				INFOPLIST_FILE = FoodTrackerTests/Info.plist;
				LD_RUNPATH_SEARCH_PATHS = "$(inherited) @executable_path/Frameworks @loader_path/Frameworks";
				PRODUCT_BUNDLE_IDENTIFIER = com.example.FoodTrackerTests;
				PRODUCT_NAME = "$(TARGET_NAME)";
				SWIFT_VERSION = 4.0;
				TARGETED_DEVICE_FAMILY = "1,2";
				TEST_HOST = "$(BUILT_PRODUCTS_DIR)/FoodTracker.app/FoodTracker";
			};
			name = Release;
		};
/* End XCBuildConfiguration section */

/* Begin XCConfigurationList section */
		3B80EA952000583700BF73AF /* Build configuration list for PBXProject "FoodTracker" */ = {
			isa = XCConfigurationList;
			buildConfigurations = (
				3B80EAB52000583700BF73AF /* Debug */,
				3B80EAB62000583700BF73AF /* Release */,
			);
			defaultConfigurationIsVisible = 0;
			defaultConfigurationName = Release;
		};
		3B80EAB72000583700BF73AF /* Build configuration list for PBXNativeTarget "FoodTracker" */ = {
			isa = XCConfigurationList;
			buildConfigurations = (
				3B80EAB82000583700BF73AF /* Debug */,
				3B80EAB92000583700BF73AF /* Release */,
			);
			defaultConfigurationIsVisible = 0;
			defaultConfigurationName = Release;
		};
		3B80EABA2000583700BF73AF /* Build configuration list for PBXNativeTarget "FoodTrackerTests" */ = {
			isa = XCConfigurationList;
			buildConfigurations = (
				3B80EABB2000583700BF73AF /* Debug */,
				3B80EABC2000583700BF73AF /* Release */,
			);
			defaultConfigurationIsVisible = 0;
			defaultConfigurationName = Release;
		};
/* End XCConfigurationList section */
	};
	rootObject = 3B80EA922000583700BF73AF /* Project object */;
}
